
Microsoft Visual Studio Solution File, Format Version 12.00
# Visual Studio Version 17
VisualStudioVersion = 17.4.33110.190
MinimumVisualStudioVersion = 10.0.40219.1
Project("{9A19103F-16F7-4668-BE54-9A1E7A4F7556}") = "Hardcode", "Hardcode\Hardcode.csproj", "{10997140-D84B-43CB-B5CE-393A2C0666C3}"
EndProject
Project("{9A19103F-16F7-4668-BE54-9A1E7A4F7556}") = "Scanner", "Scanner\Scanner.csproj", "{F35B83FB-0493-4662-8B73-F2A39E194FF5}"
EndProject
Project("{9A19103F-16F7-4668-BE54-9A1E7A4F7556}") = "Steadsoft.Novus.Scanner", "..\Steadsoft.Novus.Scanner\Steadsoft.Novus.Scanner.csproj", "{708FDBC8-C33F-437A-BD4B-CA8C1A9DF7D0}"
EndProject
Global
	GlobalSection(SolutionConfigurationPlatforms) = preSolution
		Debug|Any CPU = Debug|Any CPU
		Release|Any CPU = Release|Any CPU
	EndGlobalSection
	GlobalSection(ProjectConfigurationPlatforms) = postSolution
		{10997140-D84B-43CB-B5CE-393A2C0666C3}.Debug|Any CPU.ActiveCfg = Debug|Any CPU
		{10997140-D84B-43CB-B5CE-393A2C0666C3}.Debug|Any CPU.Build.0 = Debug|Any CPU
		{10997140-D84B-43CB-B5CE-393A2C0666C3}.Release|Any CPU.ActiveCfg = Release|Any CPU
		{10997140-D84B-43CB-B5CE-393A2C0666C3}.Release|Any CPU.Build.0 = Release|Any CPU
		{F35B83FB-0493-4662-8B73-F2A39E194FF5}.Debug|Any CPU.ActiveCfg = Debug|Any CPU
		{F35B83FB-0493-4662-8B73-F2A39E194FF5}.Debug|Any CPU.Build.0 = Debug|Any CPU
		{F35B83FB-0493-4662-8B73-F2A39E194FF5}.Release|Any CPU.ActiveCfg = Release|Any CPU
		{F35B83FB-0493-4662-8B73-F2A39E194FF5}.Release|Any CPU.Build.0 = Release|Any CPU
		{708FDBC8-C33F-437A-BD4B-CA8C1A9DF7D0}.Debug|Any CPU.ActiveCfg = Debug|Any CPU
		{708FDBC8-C33F-437A-BD4B-CA8C1A9DF7D0}.Debug|Any CPU.Build.0 = Debug|Any CPU
		{708FDBC8-C33F-437A-BD4B-CA8C1A9DF7D0}.Release|Any CPU.ActiveCfg = Release|Any CPU
		{708FDBC8-C33F-437A-BD4B-CA8C1A9DF7D0}.Release|Any CPU.Build.0 = Release|Any CPU
	EndGlobalSection
	GlobalSection(SolutionProperties) = preSolution
		HideSolutionNode = FALSE
	EndGlobalSection
	GlobalSection(ExtensibilityGlobals) = postSolution
		SolutionGuid = {F72350FF-EC50-4DA0-9E4D-3391036F8C43}
	EndGlobalSection
EndGlobal
